
Microsoft Visual Studio Solution File, Format Version 12.00
# Visual Studio Version 17
VisualStudioVersion = 17.0.31919.166
MinimumVisualStudioVersion = 10.0.40219.1
Project("{9A19103F-16F7-4668-BE54-9A1E7A4F7556}") = "Loteria", "Loteria.csproj", "{24A15055-7BDD-42EB-8EB4-6073BBC71F9A}"
EndProject
Global
	GlobalSection(SolutionConfigurationPlatforms) = preSolution
		Debug|Any CPU = Debug|Any CPU
		Release|Any CPU = Release|Any CPU
	EndGlobalSection
	GlobalSection(ProjectConfigurationPlatforms) = postSolution
		{24A15055-7BDD-42EB-8EB4-6073BBC71F9A}.Debug|Any CPU.ActiveCfg = Debug|Any CPU
		{24A15055-7BDD-42EB-8EB4-6073BBC71F9A}.Debug|Any CPU.Build.0 = Debug|Any CPU
		{24A15055-7BDD-42EB-8EB4-6073BBC71F9A}.Release|Any CPU.ActiveCfg = Release|Any CPU
		{24A15055-7BDD-42EB-8EB4-6073BBC71F9A}.Release|Any CPU.Build.0 = Release|Any CPU
	EndGlobalSection
	GlobalSection(SolutionProperties) = preSolution
		HideSolutionNode = FALSE
	EndGlobalSection
	GlobalSection(ExtensibilityGlobals) = postSolution
		SolutionGuid = {0460E832-EFCA-4AAD-9DDE-D2900D7EE189}
	EndGlobalSection
EndGlobal
